
Microsoft Visual Studio Solution File, Format Version 12.00
Project("{FAE04EC0-301F-11D3-BF4B-00C04F79EFBC}") = "tsoh", "project\tsoh.csproj", "{68B32155-84C4-407C-8FFD-0879961F8FC8}"
EndProject
Project("{FAE04EC0-301F-11D3-BF4B-00C04F79EFBC}") = "arbor-generator", "project\thirdparty\arbor\arbor-generator\arbor-generator.csproj", "{6354C629-E656-42F6-A74C-C1FA51F73C00}"
EndProject
Project("{FAE04EC0-301F-11D3-BF4B-00C04F79EFBC}") = "greact-generator", "project\thirdparty\greact\greact-generator\greact-generator.csproj", "{F417A1D3-5A56-447B-B31B-91C193B68C58}"
EndProject
Project("{FAE04EC0-301F-11D3-BF4B-00C04F79EFBC}") = "gdUnit4Api", "project\thirdparty\gdunit4\api\gdUnit4Api.csproj", "{BE62568F-2887-4970-AB67-01299E65162B}"
EndProject
Project("{FAE04EC0-301F-11D3-BF4B-00C04F79EFBC}") = "gdUnit4TestAdapter", "project\thirdparty\gdunit4\testadapter\gdUnit4TestAdapter.csproj", "{81161C6D-2A73-4C1C-B6F5-20EA43DD0EC7}"
EndProject
Global
	GlobalSection(SolutionConfigurationPlatforms) = preSolution
		Debug|Any CPU = Debug|Any CPU
		Release|Any CPU = Release|Any CPU
		Debug Stripped|Any CPU = Debug Stripped|Any CPU
		Optimize Stripped|Any CPU = Optimize Stripped|Any CPU
		Optimize|Any CPU = Optimize|Any CPU
	EndGlobalSection
	GlobalSection(ProjectConfigurationPlatforms) = postSolution
		{68B32155-84C4-407C-8FFD-0879961F8FC8}.Debug|Any CPU.ActiveCfg = Debug|Any CPU
		{68B32155-84C4-407C-8FFD-0879961F8FC8}.Debug|Any CPU.Build.0 = Debug|Any CPU
		{68B32155-84C4-407C-8FFD-0879961F8FC8}.Debug Stripped|Any CPU.ActiveCfg = StrippedDebug|Any CPU
		{68B32155-84C4-407C-8FFD-0879961F8FC8}.Debug Stripped|Any CPU.Build.0 = StrippedDebug|Any CPU
		{68B32155-84C4-407C-8FFD-0879961F8FC8}.Optimize|Any CPU.ActiveCfg = Optimize|Any CPU
		{68B32155-84C4-407C-8FFD-0879961F8FC8}.Optimize Stripped|Any CPU.ActiveCfg = StrippedOptimize|Any CPU
		{68B32155-84C4-407C-8FFD-0879961F8FC8}.Optimize Stripped|Any CPU.Build.0 = StrippedOptimize|Any CPU
		{68B32155-84C4-407C-8FFD-0879961F8FC8}.Release|Any CPU.ActiveCfg = Export|Any CPU
		{68B32155-84C4-407C-8FFD-0879961F8FC8}.Release|Any CPU.Build.0 = Export|Any CPU
		{68B32155-84C4-407C-8FFD-0879961F8FC8}.Optimize|Any CPU.Build.0 = Optimize|Any CPU
		{6354C629-E656-42F6-A74C-C1FA51F73C00}.Debug|Any CPU.ActiveCfg = Debug|Any CPU
		{6354C629-E656-42F6-A74C-C1FA51F73C00}.Debug|Any CPU.Build.0 = Debug|Any CPU
		{6354C629-E656-42F6-A74C-C1FA51F73C00}.Release|Any CPU.ActiveCfg = Release|Any CPU
		{6354C629-E656-42F6-A74C-C1FA51F73C00}.Release|Any CPU.Build.0 = Release|Any CPU
		{6354C629-E656-42F6-A74C-C1FA51F73C00}.Debug Stripped|Any CPU.ActiveCfg = Debug|Any CPU
		{6354C629-E656-42F6-A74C-C1FA51F73C00}.Debug Stripped|Any CPU.Build.0 = Debug|Any CPU
		{6354C629-E656-42F6-A74C-C1FA51F73C00}.Optimize Stripped|Any CPU.ActiveCfg = Release|Any CPU
		{6354C629-E656-42F6-A74C-C1FA51F73C00}.Optimize Stripped|Any CPU.Build.0 = Release|Any CPU
		{6354C629-E656-42F6-A74C-C1FA51F73C00}.Optimize|Any CPU.ActiveCfg = Release|Any CPU
		{6354C629-E656-42F6-A74C-C1FA51F73C00}.Optimize|Any CPU.Build.0 = Release|Any CPU
		{F417A1D3-5A56-447B-B31B-91C193B68C58}.Debug|Any CPU.ActiveCfg = Debug|Any CPU
		{F417A1D3-5A56-447B-B31B-91C193B68C58}.Debug|Any CPU.Build.0 = Debug|Any CPU
		{F417A1D3-5A56-447B-B31B-91C193B68C58}.Release|Any CPU.ActiveCfg = Release|Any CPU
		{F417A1D3-5A56-447B-B31B-91C193B68C58}.Release|Any CPU.Build.0 = Release|Any CPU
		{F417A1D3-5A56-447B-B31B-91C193B68C58}.Debug Stripped|Any CPU.ActiveCfg = Debug|Any CPU
		{F417A1D3-5A56-447B-B31B-91C193B68C58}.Debug Stripped|Any CPU.Build.0 = Debug|Any CPU
		{F417A1D3-5A56-447B-B31B-91C193B68C58}.Optimize Stripped|Any CPU.ActiveCfg = Release|Any CPU
		{F417A1D3-5A56-447B-B31B-91C193B68C58}.Optimize Stripped|Any CPU.Build.0 = Release|Any CPU
		{F417A1D3-5A56-447B-B31B-91C193B68C58}.Optimize|Any CPU.ActiveCfg = Release|Any CPU
		{F417A1D3-5A56-447B-B31B-91C193B68C58}.Optimize|Any CPU.Build.0 = Release|Any CPU
		{BE62568F-2887-4970-AB67-01299E65162B}.Debug|Any CPU.ActiveCfg = Debug|Any CPU
		{BE62568F-2887-4970-AB67-01299E65162B}.Debug|Any CPU.Build.0 = Debug|Any CPU
		{BE62568F-2887-4970-AB67-01299E65162B}.Release|Any CPU.ActiveCfg = Release|Any CPU
		{BE62568F-2887-4970-AB67-01299E65162B}.Release|Any CPU.Build.0 = Release|Any CPU
		{BE62568F-2887-4970-AB67-01299E65162B}.Debug Stripped|Any CPU.ActiveCfg = Debug|Any CPU
		{BE62568F-2887-4970-AB67-01299E65162B}.Debug Stripped|Any CPU.Build.0 = Debug|Any CPU
		{BE62568F-2887-4970-AB67-01299E65162B}.Optimize Stripped|Any CPU.ActiveCfg = Release|Any CPU
		{BE62568F-2887-4970-AB67-01299E65162B}.Optimize Stripped|Any CPU.Build.0 = Release|Any CPU
		{BE62568F-2887-4970-AB67-01299E65162B}.Optimize|Any CPU.ActiveCfg = Release|Any CPU
		{BE62568F-2887-4970-AB67-01299E65162B}.Optimize|Any CPU.Build.0 = Release|Any CPU
		{81161C6D-2A73-4C1C-B6F5-20EA43DD0EC7}.Debug|Any CPU.ActiveCfg = Debug|Any CPU
		{81161C6D-2A73-4C1C-B6F5-20EA43DD0EC7}.Debug|Any CPU.Build.0 = Debug|Any CPU
		{81161C6D-2A73-4C1C-B6F5-20EA43DD0EC7}.Release|Any CPU.ActiveCfg = Release|Any CPU
		{81161C6D-2A73-4C1C-B6F5-20EA43DD0EC7}.Release|Any CPU.Build.0 = Release|Any CPU
		{81161C6D-2A73-4C1C-B6F5-20EA43DD0EC7}.Debug Stripped|Any CPU.ActiveCfg = Debug|Any CPU
		{81161C6D-2A73-4C1C-B6F5-20EA43DD0EC7}.Debug Stripped|Any CPU.Build.0 = Debug|Any CPU
		{81161C6D-2A73-4C1C-B6F5-20EA43DD0EC7}.Optimize Stripped|Any CPU.ActiveCfg = Release|Any CPU
		{81161C6D-2A73-4C1C-B6F5-20EA43DD0EC7}.Optimize Stripped|Any CPU.Build.0 = Release|Any CPU
		{81161C6D-2A73-4C1C-B6F5-20EA43DD0EC7}.Optimize|Any CPU.ActiveCfg = Release|Any CPU
		{81161C6D-2A73-4C1C-B6F5-20EA43DD0EC7}.Optimize|Any CPU.Build.0 = Release|Any CPU
	EndGlobalSection
EndGlobal
